{
  "name": "stemcell",
  "version": "0.1.0",
  "lockfileVersion": 3,
  "requires": true,
  "packages": {
    "": {
      "name": "stemcell",
      "version": "0.1.0",
      "license": "MIT",
      "dependencies": {
        "@github/copilot-sdk": "^1.0.13",
        "copilot-harness-sdk": "github:kody-w/copilot-harness-sdk"
      },
      "bin": {
        "stemcell": "bin/stemcell.js"
      },
      "engines": {
        "node": "^20.19 || >=22.12"
      }
    },
    "node_modules/@azure/msal-common": {
      "version": "16.13.0",
      "resolved": "https://ms-feed-25.pkgs.visualstudio.com/1es-public/_packaging/npm-public/npm/registry/@azure/msal-common/-/msal-common-16.13.0.tgz",
      "integrity": "sha1-YuQkxrIeFD6O9DdKZNv4dy3+Ggc=",
      "license": "MIT",
      "engines": {
        "node": ">=0.8.0"
      }
    },
    "node_modules/@azure/msal-node": {
      "version": "5.6.0",
      "resolved": "https://ms-feed-25.pkgs.visualstudio.com/1es-public/_packaging/npm-public/npm/registry/@azure/msal-node/-/msal-node-5.6.0.tgz",
      "integrity": "sha1-jL/v8CG20vPQZKOvuCJirZhehDQ=",
      "license": "MIT",
      "dependencies": {
        "@azure/msal-common": "16.13.0",
        "jsonwebtoken": "^9.0.0"
      },
      "engines": {
        "node": ">=20"
      }
    },
    "node_modules/@github/copilot-sdk": {
      "version": "1.0.13",
      "resolved": "https://ms-feed-25.pkgs.visualstudio.com/1es-public/_packaging/npm-public/npm/registry/@github/copilot-sdk/-/copilot-sdk-1.0.13.tgz",
      "integrity": "sha1-R5uTEp2RjnOGevKTnLEThopcwVo=",
      "license": "MIT",
      "dependencies": {
        "koffi": "^3.1.0",
        "vscode-jsonrpc": "^8.2.1",
        "zod": "^4.3.6"
      },
      "engines": {
        "node": "^20.19.0 || >=22.12.0"
      },
      "optionalDependencies": {
        "@github/copilot-sdk-darwin-arm64": "1.0.13",
        "@github/copilot-sdk-darwin-x64": "1.0.13",
        "@github/copilot-sdk-linux-arm64": "1.0.13",
        "@github/copilot-sdk-linux-x64": "1.0.13",
        "@github/copilot-sdk-linuxmusl-arm64": "1.0.13",
        "@github/copilot-sdk-linuxmusl-x64": "1.0.13",
        "@github/copilot-sdk-win32-arm64": "1.0.13",
        "@github/copilot-sdk-win32-x64": "1.0.13"
      }
    },
    "node_modules/@github/copilot-sdk-darwin-arm64": {
      "version": "1.0.13",
      "resolved": "https://ms-feed-25.pkgs.visualstudio.com/1es-public/_packaging/npm-public/npm/registry/@github/copilot-sdk-darwin-arm64/-/copilot-sdk-darwin-arm64-1.0.13.tgz",
      "integrity": "sha1-E1C7OtV78Uif9acJtkiVMYcOwno=",
      "cpu": [
        "arm64"
      ],
      "license": "MIT",
      "optional": true,
      "os": [
        "darwin"
      ]
    },
    "node_modules/@github/copilot-sdk-darwin-x64": {
      "version": "1.0.13",
      "resolved": "https://ms-feed-25.pkgs.visualstudio.com/1es-public/_packaging/npm-public/npm/registry/@github/copilot-sdk-darwin-x64/-/copilot-sdk-darwin-x64-1.0.13.tgz",
      "integrity": "sha1-8JlBgPGmh/mG6Ntt1uKgYo+/4H4=",
      "cpu": [
        "x64"
      ],
      "license": "MIT",
      "optional": true,
      "os": [
        "darwin"
      ]
    },
    "node_modules/@github/copilot-sdk-linux-arm64": {
      "version": "1.0.13",
      "resolved": "https://ms-feed-25.pkgs.visualstudio.com/1es-public/_packaging/npm-public/npm/registry/@github/copilot-sdk-linux-arm64/-/copilot-sdk-linux-arm64-1.0.13.tgz",
      "integrity": "sha1-j8EQsK0ia+NZMyT0vWO4e73zOKU=",
      "cpu": [
        "arm64"
      ],
      "license": "MIT",
      "optional": true,
      "os": [
        "linux"
      ]
    },
    "node_modules/@github/copilot-sdk-linux-x64": {
      "version": "1.0.13",
      "resolved": "https://ms-feed-25.pkgs.visualstudio.com/1es-public/_packaging/npm-public/npm/registry/@github/copilot-sdk-linux-x64/-/copilot-sdk-linux-x64-1.0.13.tgz",
      "integrity": "sha1-LAAMh3TY4wLAemLNec5TJe5xtEQ=",
      "cpu": [
        "x64"
      ],
      "license": "MIT",
      "optional": true,
      "os": [
        "linux"
      ]
    },
    "node_modules/@github/copilot-sdk-linuxmusl-arm64": {
      "version": "1.0.13",
      "resolved": "https://ms-feed-25.pkgs.visualstudio.com/1es-public/_packaging/npm-public/npm/registry/@github/copilot-sdk-linuxmusl-arm64/-/copilot-sdk-linuxmusl-arm64-1.0.13.tgz",
      "integrity": "sha1-OGpaHk6oDBcavPuH0z1Ks8lMujg=",
      "cpu": [
        "arm64"
      ],
      "license": "MIT",
      "optional": true,
      "os": [
        "linux"
      ]
    },
    "node_modules/@github/copilot-sdk-linuxmusl-x64": {
      "version": "1.0.13",
      "resolved": "https://ms-feed-25.pkgs.visualstudio.com/1es-public/_packaging/npm-public/npm/registry/@github/copilot-sdk-linuxmusl-x64/-/copilot-sdk-linuxmusl-x64-1.0.13.tgz",
      "integrity": "sha1-Wh2T9+rExyAOjIuZ598iJD38Ghs=",
      "cpu": [
        "x64"
      ],
      "license": "MIT",
      "optional": true,
      "os": [
        "linux"
      ]
    },
    "node_modules/@github/copilot-sdk-win32-arm64": {
      "version": "1.0.13",
      "resolved": "https://ms-feed-25.pkgs.visualstudio.com/1es-public/_packaging/npm-public/npm/registry/@github/copilot-sdk-win32-arm64/-/copilot-sdk-win32-arm64-1.0.13.tgz",
      "integrity": "sha1-syiDiHYBtnxP5LbP3aCT3AZcKeg=",
      "cpu": [
        "arm64"
      ],
      "license": "MIT",
      "optional": true,
      "os": [
        "win32"
      ]
    },
    "node_modules/@github/copilot-sdk-win32-x64": {
      "version": "1.0.13",
      "resolved": "https://ms-feed-25.pkgs.visualstudio.com/1es-public/_packaging/npm-public/npm/registry/@github/copilot-sdk-win32-x64/-/copilot-sdk-win32-x64-1.0.13.tgz",
      "integrity": "sha1-rgJLcDBgPLXY58/YSScIYaO11g8=",
      "cpu": [
        "x64"
      ],
      "license": "MIT",
      "optional": true,
      "os": [
        "win32"
      ]
    },
    "node_modules/@koromix/koffi-android-arm64": {
      "version": "3.2.1",
      "resolved": "https://ms-feed-25.pkgs.visualstudio.com/1es-public/_packaging/npm-public/npm/registry/@koromix/koffi-android-arm64/-/koffi-android-arm64-3.2.1.tgz",
      "integrity": "sha1-Lc55jTZp0re1bpwCqKaidKvWx8Y=",
      "cpu": [
        "arm64"
      ],
      "license": "MIT",
      "optional": true,
      "os": [
        "android"
      ],
      "funding": {
        "url": "https://liberapay.com/Koromix"
      }
    },
    "node_modules/@koromix/koffi-android-x64": {
      "version": "3.2.1",
      "resolved": "https://ms-feed-25.pkgs.visualstudio.com/1es-public/_packaging/npm-public/npm/registry/@koromix/koffi-android-x64/-/koffi-android-x64-3.2.1.tgz",
      "integrity": "sha1-TQr8uvZgQjEKwbOs8sWMb/6XN0M=",
      "cpu": [
        "x64"
      ],
      "license": "MIT",
      "optional": true,
      "os": [
        "android"
      ],
      "funding": {
        "url": "https://liberapay.com/Koromix"
      }
    },
    "node_modules/@koromix/koffi-darwin-arm64": {
      "version": "3.2.1",
      "resolved": "https://ms-feed-25.pkgs.visualstudio.com/1es-public/_packaging/npm-public/npm/registry/@koromix/koffi-darwin-arm64/-/koffi-darwin-arm64-3.2.1.tgz",
      "integrity": "sha1-IP1RZvBGbrn1lplQbLeK8cUgfQk=",
      "cpu": [
        "arm64"
      ],
      "license": "MIT",
      "optional": true,
      "os": [
        "darwin"
      ],
      "funding": {
        "url": "https://liberapay.com/Koromix"
      }
    },
    "node_modules/@koromix/koffi-darwin-x64": {
      "version": "3.2.1",
      "resolved": "https://ms-feed-25.pkgs.visualstudio.com/1es-public/_packaging/npm-public/npm/registry/@koromix/koffi-darwin-x64/-/koffi-darwin-x64-3.2.1.tgz",
      "integrity": "sha1-A+TMtBoFV58aKcKB5IJiEzF89so=",
      "cpu": [
        "x64"
      ],
      "license": "MIT",
      "optional": true,
      "os": [
        "darwin"
      ],
      "funding": {
        "url": "https://liberapay.com/Koromix"
      }
    },
    "node_modules/@koromix/koffi-freebsd-arm64": {
      "version": "3.2.1",
      "resolved": "https://ms-feed-25.pkgs.visualstudio.com/1es-public/_packaging/npm-public/npm/registry/@koromix/koffi-freebsd-arm64/-/koffi-freebsd-arm64-3.2.1.tgz",
      "integrity": "sha1-0+Tp8iGTKchvN7woVoXriVpSgb0=",
      "cpu": [
        "arm64"
      ],
      "license": "MIT",
      "optional": true,
      "os": [
        "freebsd"
      ],
      "funding": {
        "url": "https://liberapay.com/Koromix"
      }
    },
    "node_modules/@koromix/koffi-freebsd-ia32": {
      "version": "3.2.1",
      "resolved": "https://ms-feed-25.pkgs.visualstudio.com/1es-public/_packaging/npm-public/npm/registry/@koromix/koffi-freebsd-ia32/-/koffi-freebsd-ia32-3.2.1.tgz",
      "integrity": "sha1-hphgO4/QJ8Hs9tw6rX303Bbv398=",
      "cpu": [
        "ia32"
      ],
      "license": "MIT",
      "optional": true,
      "os": [
        "freebsd"
      ],
      "funding": {
        "url": "https://liberapay.com/Koromix"
      }
    },
    "node_modules/@koromix/koffi-freebsd-x64": {
      "version": "3.2.1",
      "resolved": "https://ms-feed-25.pkgs.visualstudio.com/1es-public/_packaging/npm-public/npm/registry/@koromix/koffi-freebsd-x64/-/koffi-freebsd-x64-3.2.1.tgz",
      "integrity": "sha1-hROyr0V+Jtl+gNNPY8vwBjhzBYY=",
      "cpu": [
        "x64"
      ],
      "license": "MIT",
      "optional": true,
      "os": [
        "freebsd"
      ],
      "funding": {
        "url": "https://liberapay.com/Koromix"
      }
    },
    "node_modules/@koromix/koffi-linux-arm": {
      "version": "3.2.1",
      "resolved": "https://ms-feed-25.pkgs.visualstudio.com/1es-public/_packaging/npm-public/npm/registry/@koromix/koffi-linux-arm/-/koffi-linux-arm-3.2.1.tgz",
      "integrity": "sha1-U8kNnV+aiTlB862CivSHs3lejuE=",
      "cpu": [
        "arm"
      ],
      "license": "MIT",
      "optional": true,
      "os": [
        "linux"
      ],
      "funding": {
        "url": "https://liberapay.com/Koromix"
      }
    },
    "node_modules/@koromix/koffi-linux-arm64": {
      "version": "3.2.1",
      "resolved": "https://ms-feed-25.pkgs.visualstudio.com/1es-public/_packaging/npm-public/npm/registry/@koromix/koffi-linux-arm64/-/koffi-linux-arm64-3.2.1.tgz",
      "integrity": "sha1-ddSlPuDQYfoVnMG+eugLBNEAkg8=",
      "cpu": [
        "arm64"
      ],
      "license": "MIT",
      "optional": true,
      "os": [
        "linux"
      ],
      "funding": {
        "url": "https://liberapay.com/Koromix"
      }
    },
    "node_modules/@koromix/koffi-linux-ia32": {
      "version": "3.2.1",
      "resolved": "https://ms-feed-25.pkgs.visualstudio.com/1es-public/_packaging/npm-public/npm/registry/@koromix/koffi-linux-ia32/-/koffi-linux-ia32-3.2.1.tgz",
      "integrity": "sha1-TvuhuJjnO2GNIqngyfPp0R192rQ=",
      "cpu": [
        "ia32"
      ],
      "license": "MIT",
      "optional": true,
      "os": [
        "linux"
      ],
      "funding": {
        "url": "https://liberapay.com/Koromix"
      }
    },
    "node_modules/@koromix/koffi-linux-loong64": {
      "version": "3.2.1",
      "resolved": "https://ms-feed-25.pkgs.visualstudio.com/1es-public/_packaging/npm-public/npm/registry/@koromix/koffi-linux-loong64/-/koffi-linux-loong64-3.2.1.tgz",
      "integrity": "sha1-Kg2NCvf2bpXiVxEeX1TsIQjYs7g=",
      "cpu": [
        "loong64"
      ],
      "license": "MIT",
      "optional": true,
      "os": [
        "linux"
      ],
      "funding": {
        "url": "https://liberapay.com/Koromix"
      }
    },
    "node_modules/@koromix/koffi-linux-riscv64": {
      "version": "3.2.1",
      "resolved": "https://ms-feed-25.pkgs.visualstudio.com/1es-public/_packaging/npm-public/npm/registry/@koromix/koffi-linux-riscv64/-/koffi-linux-riscv64-3.2.1.tgz",
      "integrity": "sha1-1VWiDsNvfBkM8W/vEFWkKtkYPU0=",
      "cpu": [
        "riscv64"
      ],
      "license": "MIT",
      "optional": true,
      "os": [
        "linux"
      ],
      "funding": {
        "url": "https://liberapay.com/Koromix"
      }
    },
    "node_modules/@koromix/koffi-linux-x64": {
      "version": "3.2.1",
      "resolved": "https://ms-feed-25.pkgs.visualstudio.com/1es-public/_packaging/npm-public/npm/registry/@koromix/koffi-linux-x64/-/koffi-linux-x64-3.2.1.tgz",
      "integrity": "sha1-I3tGQNc4A+tny7pDe1Eu2HkzgD0=",
      "cpu": [
        "x64"
      ],
      "license": "MIT",
      "optional": true,
      "os": [
        "linux"
      ],
      "funding": {
        "url": "https://liberapay.com/Koromix"
      }
    },
    "node_modules/@koromix/koffi-openbsd-ia32": {
      "version": "3.2.1",
      "resolved": "https://ms-feed-25.pkgs.visualstudio.com/1es-public/_packaging/npm-public/npm/registry/@koromix/koffi-openbsd-ia32/-/koffi-openbsd-ia32-3.2.1.tgz",
      "integrity": "sha1-QzemOyiO/9HqwdOHbXlK4rfuPRg=",
      "cpu": [
        "ia32"
      ],
      "license": "MIT",
      "optional": true,
      "os": [
        "openbsd"
      ],
      "funding": {
        "url": "https://liberapay.com/Koromix"
      }
    },
    "node_modules/@koromix/koffi-openbsd-x64": {
      "version": "3.2.1",
      "resolved": "https://ms-feed-25.pkgs.visualstudio.com/1es-public/_packaging/npm-public/npm/registry/@koromix/koffi-openbsd-x64/-/koffi-openbsd-x64-3.2.1.tgz",
      "integrity": "sha1-xZycfkCVP/t+MvjY+8sZ/zio7wM=",
      "cpu": [
        "x64"
      ],
      "license": "MIT",
      "optional": true,
      "os": [
        "openbsd"
      ],
      "funding": {
        "url": "https://liberapay.com/Koromix"
      }
    },
    "node_modules/@koromix/koffi-win32-arm64": {
      "version": "3.2.1",
      "resolved": "https://ms-feed-25.pkgs.visualstudio.com/1es-public/_packaging/npm-public/npm/registry/@koromix/koffi-win32-arm64/-/koffi-win32-arm64-3.2.1.tgz",
      "integrity": "sha1-kVoYz1dHK16cbXFoE7w5mDekUU4=",
      "cpu": [
        "arm64"
      ],
      "license": "MIT",
      "optional": true,
      "os": [
        "win32"
      ],
      "funding": {
        "url": "https://liberapay.com/Koromix"
      }
    },
    "node_modules/@koromix/koffi-win32-ia32": {
      "version": "3.2.1",
      "resolved": "https://ms-feed-25.pkgs.visualstudio.com/1es-public/_packaging/npm-public/npm/registry/@koromix/koffi-win32-ia32/-/koffi-win32-ia32-3.2.1.tgz",
      "integrity": "sha1-n60joxMqlAcm//MI5bKXVRepoys=",
      "cpu": [
        "ia32"
      ],
      "license": "MIT",
      "optional": true,
      "os": [
        "win32"
      ],
      "funding": {
        "url": "https://liberapay.com/Koromix"
      }
    },
    "node_modules/@koromix/koffi-win32-x64": {
      "version": "3.2.1",
      "resolved": "https://ms-feed-25.pkgs.visualstudio.com/1es-public/_packaging/npm-public/npm/registry/@koromix/koffi-win32-x64/-/koffi-win32-x64-3.2.1.tgz",
      "integrity": "sha1-nTgKsOqLz7oW9P7aLJ6jYw/1Yg8=",
      "cpu": [
        "x64"
      ],
      "license": "MIT",
      "optional": true,
      "os": [
        "win32"
      ],
      "funding": {
        "url": "https://liberapay.com/Koromix"
      }
    },
    "node_modules/@microsoft/agents-activity": {
      "version": "1.8.1",
      "resolved": "https://ms-feed-25.pkgs.visualstudio.com/1es-public/_packaging/npm-public/npm/registry/@microsoft/agents-activity/-/agents-activity-1.8.1.tgz",
      "integrity": "sha1-WmnWhjfs7sx138eGoD5jVW3h9/s=",
      "license": "MIT",
      "dependencies": {
        "zod": "3.25.75"
      },
      "engines": {
        "node": ">=20.0.0"
      }
    },
    "node_modules/@microsoft/agents-activity/node_modules/zod": {
      "version": "3.25.75",
      "resolved": "https://ms-feed-25.pkgs.visualstudio.com/1es-public/_packaging/npm-public/npm/registry/zod/-/zod-3.25.75.tgz",
      "integrity": "sha1-j/m+L7vLOBqSNvn3Soh5yincxQQ=",
      "license": "MIT",
      "funding": {
        "url": "https://github.com/sponsors/colinhacks"
      }
    },
    "node_modules/@microsoft/agents-copilotstudio-client": {
      "version": "1.8.1",
      "resolved": "https://ms-feed-25.pkgs.visualstudio.com/1es-public/_packaging/npm-public/npm/registry/@microsoft/agents-copilotstudio-client/-/agents-copilotstudio-client-1.8.1.tgz",
      "integrity": "sha1-+3ewepeEWFrq8YcJzSnpLUbo5mQ=",
      "license": "MIT",
      "dependencies": {
        "@microsoft/agents-activity": "1.8.1",
        "@microsoft/agents-telemetry": "1.8.1",
        "eventsource-client": "1.2.0",
        "rxjs": "7.8.2"
      },
      "engines": {
        "node": ">=20.0.0"
      }
    },
    "node_modules/@microsoft/agents-telemetry": {
      "version": "1.8.1",
      "resolved": "https://ms-feed-25.pkgs.visualstudio.com/1es-public/_packaging/npm-public/npm/registry/@microsoft/agents-telemetry/-/agents-telemetry-1.8.1.tgz",
      "integrity": "sha1-+Nb0/gS3F4q8/Kf26BiZR94UniQ=",
      "license": "MIT",
      "dependencies": {
        "@microsoft/agents-activity": "1.8.1",
        "@noble/hashes": "1.8.0",
        "debug": "4.4.3"
      },
      "engines": {
        "node": ">=20.0.0"
      },
      "peerDependencies": {
        "@opentelemetry/api": "1",
        "@opentelemetry/api-logs": ">=0.214.0 <1"
      },
      "peerDependenciesMeta": {
        "@opentelemetry/api": {
          "optional": true
        },
        "@opentelemetry/api-logs": {
          "optional": true
        }
      }
    },
    "node_modules/@noble/hashes": {
      "version": "1.8.0",
      "resolved": "https://ms-feed-25.pkgs.visualstudio.com/1es-public/_packaging/npm-public/npm/registry/@noble/hashes/-/hashes-1.8.0.tgz",
      "integrity": "sha1-zuQ9gB/O+WRLEbgZSFdpWs1fgVo=",
      "license": "MIT",
      "engines": {
        "node": "^14.21.3 || >=16"
      },
      "funding": {
        "url": "https://paulmillr.com/funding/"
      }
    },
    "node_modules/buffer-equal-constant-time": {
      "version": "1.0.1",
      "resolved": "https://ms-feed-25.pkgs.visualstudio.com/1es-public/_packaging/npm-public/npm/registry/buffer-equal-constant-time/-/buffer-equal-constant-time-1.0.1.tgz",
      "integrity": "sha1-+OcRMvf/5uAaXJaXpMbz5I1cyBk=",
      "license": "BSD-3-Clause"
    },
    "node_modules/copilot-harness-sdk": {
      "version": "0.2.0",
      "resolved": "git+ssh://git@github.com/kody-w/copilot-harness-sdk.git#ac5228eec15d25cc11a2088211756ef4dd4aff8f",
      "license": "MIT",
      "dependencies": {
        "@azure/msal-node": "^5.5.0",
        "@github/copilot-sdk": "^1.0.13",
        "@microsoft/agents-copilotstudio-client": "^1.8.1"
      },
      "bin": {
        "copilot-harness-deploy": "scripts/deploy-harness-agent.mjs",
        "copilot-harness-tutorial": "scripts/tutorial-rar.mjs"
      },
      "engines": {
        "node": "^20.19.0 || >=22.12.0"
      }
    },
    "node_modules/debug": {
      "version": "4.4.3",
      "resolved": "https://ms-feed-25.pkgs.visualstudio.com/1es-public/_packaging/npm-public/npm/registry/debug/-/debug-4.4.3.tgz",
      "integrity": "sha1-xq5DLZvZZiWC/OCHCbA4xY6ePWo=",
      "license": "MIT",
      "dependencies": {
        "ms": "^2.1.3"
      },
      "engines": {
        "node": ">=6.0"
      },
      "peerDependenciesMeta": {
        "supports-color": {
          "optional": true
        }
      }
    },
    "node_modules/ecdsa-sig-formatter": {
      "version": "1.0.11",
      "resolved": "https://ms-feed-25.pkgs.visualstudio.com/1es-public/_packaging/npm-public/npm/registry/ecdsa-sig-formatter/-/ecdsa-sig-formatter-1.0.11.tgz",
      "integrity": "sha1-rg8PothQRe8UqBfao86azQSJ5b8=",
      "license": "Apache-2.0",
      "dependencies": {
        "safe-buffer": "^5.0.1"
      }
    },
    "node_modules/eventsource-client": {
      "version": "1.2.0",
      "resolved": "https://ms-feed-25.pkgs.visualstudio.com/1es-public/_packaging/npm-public/npm/registry/eventsource-client/-/eventsource-client-1.2.0.tgz",
      "integrity": "sha1-LApUfMe0LJcOnQ9yytEs7qpkaCs=",
      "license": "MIT",
      "dependencies": {
        "eventsource-parser": "^3.0.0"
      },
      "engines": {
        "node": ">=18.0.0"
      }
    },
    "node_modules/eventsource-parser": {
      "version": "3.1.1",
      "resolved": "https://ms-feed-25.pkgs.visualstudio.com/1es-public/_packaging/npm-public/npm/registry/eventsource-parser/-/eventsource-parser-3.1.1.tgz",
      "integrity": "sha1-uWy7fazk83dPWKnjsa6aSlJIcuI=",
      "license": "MIT",
      "engines": {
        "node": ">=18.0.0"
      }
    },
    "node_modules/jsonwebtoken": {
      "version": "9.0.3",
      "resolved": "https://ms-feed-25.pkgs.visualstudio.com/1es-public/_packaging/npm-public/npm/registry/jsonwebtoken/-/jsonwebtoken-9.0.3.tgz",
      "integrity": "sha1-bNV6sB6bCsB8uEfVPTybbuMfeuI=",
      "license": "MIT",
      "dependencies": {
        "jws": "^4.0.1",
        "lodash.includes": "^4.3.0",
        "lodash.isboolean": "^3.0.3",
        "lodash.isinteger": "^4.0.4",
        "lodash.isnumber": "^3.0.3",
        "lodash.isplainobject": "^4.0.6",
        "lodash.isstring": "^4.0.1",
        "lodash.once": "^4.0.0",
        "ms": "^2.1.1",
        "semver": "^7.5.4"
      },
      "engines": {
        "node": ">=12",
        "npm": ">=6"
      }
    },
    "node_modules/jwa": {
      "version": "2.0.1",
      "resolved": "https://ms-feed-25.pkgs.visualstudio.com/1es-public/_packaging/npm-public/npm/registry/jwa/-/jwa-2.0.1.tgz",
      "integrity": "sha1-v4F20a0M1y4PP1gzhZWhPhELyAQ=",
      "license": "MIT",
      "dependencies": {
        "buffer-equal-constant-time": "^1.0.1",
        "ecdsa-sig-formatter": "1.0.11",
        "safe-buffer": "^5.0.1"
      }
    },
    "node_modules/jws": {
      "version": "4.0.1",
      "resolved": "https://ms-feed-25.pkgs.visualstudio.com/1es-public/_packaging/npm-public/npm/registry/jws/-/jws-4.0.1.tgz",
      "integrity": "sha1-B+3Bvo+sIOZ3soPs4mFJi9OPBpA=",
      "license": "MIT",
      "dependencies": {
        "jwa": "^2.0.1",
        "safe-buffer": "^5.0.1"
      }
    },
    "node_modules/koffi": {
      "version": "3.2.1",
      "resolved": "https://ms-feed-25.pkgs.visualstudio.com/1es-public/_packaging/npm-public/npm/registry/koffi/-/koffi-3.2.1.tgz",
      "integrity": "sha1-lPmhEdssUTzdchscXYwk2DjCziU=",
      "hasInstallScript": true,
      "license": "MIT",
      "funding": {
        "url": "https://liberapay.com/Koromix"
      },
      "optionalDependencies": {
        "@koromix/koffi-android-arm64": "3.2.1",
        "@koromix/koffi-android-x64": "3.2.1",
        "@koromix/koffi-darwin-arm64": "3.2.1",
        "@koromix/koffi-darwin-x64": "3.2.1",
        "@koromix/koffi-freebsd-arm64": "3.2.1",
        "@koromix/koffi-freebsd-ia32": "3.2.1",
        "@koromix/koffi-freebsd-x64": "3.2.1",
        "@koromix/koffi-linux-arm": "3.2.1",
        "@koromix/koffi-linux-arm64": "3.2.1",
        "@koromix/koffi-linux-ia32": "3.2.1",
        "@koromix/koffi-linux-loong64": "3.2.1",
        "@koromix/koffi-linux-riscv64": "3.2.1",
        "@koromix/koffi-linux-x64": "3.2.1",
        "@koromix/koffi-openbsd-ia32": "3.2.1",
        "@koromix/koffi-openbsd-x64": "3.2.1",
        "@koromix/koffi-win32-arm64": "3.2.1",
        "@koromix/koffi-win32-ia32": "3.2.1",
        "@koromix/koffi-win32-x64": "3.2.1"
      }
    },
    "node_modules/lodash.includes": {
      "version": "4.3.0",
      "resolved": "https://ms-feed-25.pkgs.visualstudio.com/1es-public/_packaging/npm-public/npm/registry/lodash.includes/-/lodash.includes-4.3.0.tgz",
      "integrity": "sha1-YLuYqHy5I8aMoeUTJUgzFISfVT8=",
      "license": "MIT"
    },
    "node_modules/lodash.isboolean": {
      "version": "3.0.3",
      "resolved": "https://ms-feed-25.pkgs.visualstudio.com/1es-public/_packaging/npm-public/npm/registry/lodash.isboolean/-/lodash.isboolean-3.0.3.tgz",
      "integrity": "sha1-bC4XHbKiV82WgC/UOwGyDV9YcPY=",
      "license": "MIT"
    },
    "node_modules/lodash.isinteger": {
      "version": "4.0.4",
      "resolved": "https://ms-feed-25.pkgs.visualstudio.com/1es-public/_packaging/npm-public/npm/registry/lodash.isinteger/-/lodash.isinteger-4.0.4.tgz",
      "integrity": "sha1-YZwK89A/iwTDH1iChAt3sRzWg0M=",
      "license": "MIT"
    },
    "node_modules/lodash.isnumber": {
      "version": "3.0.3",
      "resolved": "https://ms-feed-25.pkgs.visualstudio.com/1es-public/_packaging/npm-public/npm/registry/lodash.isnumber/-/lodash.isnumber-3.0.3.tgz",
      "integrity": "sha1-POdoEMWSjQM1IwGsKHMX8RwLH/w=",
      "license": "MIT"
    },
    "node_modules/lodash.isplainobject": {
      "version": "4.0.6",
      "resolved": "https://ms-feed-25.pkgs.visualstudio.com/1es-public/_packaging/npm-public/npm/registry/lodash.isplainobject/-/lodash.isplainobject-4.0.6.tgz",
      "integrity": "sha1-fFJqUtibRcRcxpC4gWO+BJf1UMs=",
      "license": "MIT"
    },
    "node_modules/lodash.isstring": {
      "version": "4.0.1",
      "resolved": "https://ms-feed-25.pkgs.visualstudio.com/1es-public/_packaging/npm-public/npm/registry/lodash.isstring/-/lodash.isstring-4.0.1.tgz",
      "integrity": "sha1-1SfftUVuynzJu5XV2ur4i6VKVFE=",
      "license": "MIT"
    },
    "node_modules/lodash.once": {
      "version": "4.1.1",
      "resolved": "https://ms-feed-25.pkgs.visualstudio.com/1es-public/_packaging/npm-public/npm/registry/lodash.once/-/lodash.once-4.1.1.tgz",
      "integrity": "sha1-DdOXEhPHxW34gJd9UEyI+0cal6w=",
      "license": "MIT"
    },
    "node_modules/ms": {
      "version": "2.1.3",
      "resolved": "https://ms-feed-25.pkgs.visualstudio.com/1es-public/_packaging/npm-public/npm/registry/ms/-/ms-2.1.3.tgz",
      "integrity": "sha1-V0yBOM4dK1hh8LRFedut1gxmFbI=",
      "license": "MIT"
    },
    "node_modules/rxjs": {
      "version": "7.8.2",
      "resolved": "https://ms-feed-25.pkgs.visualstudio.com/1es-public/_packaging/npm-public/npm/registry/rxjs/-/rxjs-7.8.2.tgz",
      "integrity": "sha1-lVvEc+2K8RoAKivlIHG/R1Y4YHs=",
      "license": "Apache-2.0",
      "dependencies": {
        "tslib": "^2.1.0"
      }
    },
    "node_modules/safe-buffer": {
      "version": "5.2.1",
      "resolved": "https://ms-feed-25.pkgs.visualstudio.com/1es-public/_packaging/npm-public/npm/registry/safe-buffer/-/safe-buffer-5.2.1.tgz",
      "integrity": "sha1-Hq+fqb2x/dTsdfWPnNtOa3gn7sY=",
      "funding": [
        {
          "type": "github",
          "url": "https://github.com/sponsors/feross"
        },
        {
          "type": "patreon",
          "url": "https://www.patreon.com/feross"
        },
        {
          "type": "consulting",
          "url": "https://feross.org/support"
        }
      ],
      "license": "MIT"
    },
    "node_modules/semver": {
      "version": "7.8.5",
      "resolved": "https://ms-feed-25.pkgs.visualstudio.com/1es-public/_packaging/npm-public/npm/registry/semver/-/semver-7.8.5.tgz",
      "integrity": "sha1-ObZGA33VDBT7RR5+TKxY7YuGP2k=",
      "license": "ISC",
      "bin": {
        "semver": "bin/semver.js"
      },
      "engines": {
        "node": ">=10"
      }
    },
    "node_modules/tslib": {
      "version": "2.8.1",
      "resolved": "https://ms-feed-25.pkgs.visualstudio.com/1es-public/_packaging/npm-public/npm/registry/tslib/-/tslib-2.8.1.tgz",
      "integrity": "sha1-YS7+TtI11Wfoq6Xypfq3AoCt6D8=",
      "license": "0BSD"
    },
    "node_modules/vscode-jsonrpc": {
      "version": "8.2.1",
      "resolved": "https://ms-feed-25.pkgs.visualstudio.com/1es-public/_packaging/npm-public/npm/registry/vscode-jsonrpc/-/vscode-jsonrpc-8.2.1.tgz",
      "integrity": "sha1-oyLMDx2X95T/2cTNKomKC94JfzQ=",
      "license": "MIT",
      "engines": {
        "node": ">=14.0.0"
      }
    },
    "node_modules/zod": {
      "version": "4.5.4",
      "resolved": "https://ms-feed-25.pkgs.visualstudio.com/1es-public/_packaging/npm-public/npm/registry/zod/-/zod-4.5.4.tgz",
      "integrity": "sha1-4hXGJCDFKN15UeMftSxUOPH9GEo=",
      "license": "MIT",
      "funding": {
        "url": "https://github.com/sponsors/colinhacks"
      }
    }
  }
}
